# This file is automatically @generated by Cargo.
# It is not intended for manual editing.
version = 4

[[package]]
name = "conductor-cli"
version = "0.1.0"
dependencies = [
 "conductor-core",
]

[[package]]
name = "conductor-core"
version = "0.1.0"

[[package]]
name = "conductor-emit"
version = "0.1.0"
dependencies = [
 "conductor-core",
]

[[package]]
name = "conductor-faults"
version = "0.1.0"
dependencies = [
 "conductor-core",
]

[[package]]
name = "conductor-report"
version = "0.1.0"
dependencies = [
 "conductor-core",
]

[[package]]
name = "conductor-tauri"
version = "0.1.0"
dependencies = [
 "conductor-core",
]

[[package]]
name = "conductor-timeline"
version = "0.1.0"
dependencies = [
 "conductor-core",
]

[[package]]
name = "conductor-verify"
version = "0.1.0"
dependencies = [
 "conductor-core",
]
